{
  "nodes": {
    "home-manager": {
      "inputs": {
        "nixpkgs": [
          "nixpkgs"
        ]
      },
      "locked": {
        "lastModified": 1624863040,
        "narHash": "sha256-BeV2TDf0nBB4IituD4JhT5ZWRlPrIvu3Z4P0q0XbQOQ=",
        "owner": "nix-community",
        "repo": "home-manager",
        "rev": "dc4337d9fed5b437913e51722fa150b9eae7d91c",
        "type": "github"
      },
      "original": {
        "owner": "nix-community",
        "repo": "home-manager",
        "type": "github"
      }
    },
    "nixos-hardware": {
      "locked": {
        "lastModified": 1624713701,
        "narHash": "sha256-miYoO9/M+ZYlNPknRF9VYh6bQEQCPPz6lM0Pb60jbPk=",
        "owner": "NixOS",
        "repo": "nixos-hardware",
        "rev": "03c60a2db286bcd8ecfac9a8739c50626ca0fd8e",
        "type": "github"
      },
      "original": {
        "owner": "NixOS",
        "ref": "master",
        "repo": "nixos-hardware",
        "type": "github"
      }
    },
    "nixpkgs": {
      "locked": {
        "lastModified": 1624862269,
        "narHash": "sha256-JFcsh2+7QtfKdJFoPibLFPLgIW6Ycnv8Bts9a7RYme0=",
        "owner": "nixos",
        "repo": "nixpkgs",
        "rev": "f77036342e2b690c61c97202bf48f2ce13acc022",
        "type": "github"
      },
      "original": {
        "owner": "nixos",
        "ref": "nixos-21.05",
        "repo": "nixpkgs",
        "type": "github"
      }
    },
    "nur": {
      "locked": {
        "lastModified": 1624865510,
        "narHash": "sha256-WEFH097IX0YJp/e2wPzrmNQovMkbhinaz3gsjoT4blE=",
        "owner": "nix-community",
        "repo": "NUR",
        "rev": "970e0ba96889e412bb314df798caa764b010f9a7",
        "type": "github"
      },
      "original": {
        "owner": "nix-community",
        "repo": "NUR",
        "type": "github"
      }
    },
    "root": {
      "inputs": {
        "home-manager": "home-manager",
        "nixos-hardware": "nixos-hardware",
        "nixpkgs": "nixpkgs",
        "nur": "nur"
      }
    }
  },
  "root": "root",
  "version": 7
}
