{
  "nodes": {
    "hardware": {
      "locked": {
        "lastModified": 1637170060,
        "narHash": "sha256-He3CaRefpj9VctY9NMqyYc8blkrJK7AIj7z8YBxohq4=",
        "owner": "NixOS",
        "repo": "nixos-hardware",
        "rev": "ad0b7c5a9585f1b622560ab1a90b562a6ac45e18",
        "type": "github"
      },
      "original": {
        "owner": "NixOS",
        "ref": "master",
        "repo": "nixos-hardware",
        "type": "github"
      }
    },
    "home-manager": {
      "inputs": {
        "nixpkgs": [
          "nixpkgs"
        ]
      },
      "locked": {
        "lastModified": 1637088670,
        "narHash": "sha256-d49wUICXl1iItqvk0lbMwjpUbro86mBrV6876C+SLcA=",
        "owner": "nix-community",
        "repo": "home-manager",
        "rev": "5559ef002306dde0093f3d329725259cada9ed41",
        "type": "github"
      },
      "original": {
        "owner": "nix-community",
        "repo": "home-manager",
        "type": "github"
      }
    },
    "nix-colors": {
      "locked": {
        "lastModified": 1636465788,
        "narHash": "sha256-/88/gm4hydW5MnCNgE3GU4AE8v9TSJZJgHJQ32+XKSE=",
        "owner": "misterio77",
        "repo": "nix-colors",
        "rev": "72fb3549d0e224750e3839528539a4e57a98b133",
        "type": "github"
      },
      "original": {
        "owner": "misterio77",
        "repo": "nix-colors",
        "type": "github"
      }
    },
    "nixpkgs": {
      "locked": {
        "lastModified": 1636976544,
        "narHash": "sha256-9ZmdyoRz4Qu8bP5BKR1T10YbzcB9nvCeQjOEw2cRKR0=",
        "owner": "nixos",
        "repo": "nixpkgs",
        "rev": "931ab058daa7e4cd539533963f95e2bb0dbd41e6",
        "type": "github"
      },
      "original": {
        "owner": "nixos",
        "ref": "nixos-unstable",
        "repo": "nixpkgs",
        "type": "github"
      }
    },
    "nur": {
      "locked": {
        "lastModified": 1637170141,
        "narHash": "sha256-qa4EIu2VSVErwck7Wqxj5RiwNSLJKxm+PXm+cIa/Di0=",
        "owner": "nix-community",
        "repo": "nur",
        "rev": "29bd0264f686cb1f833e8596ba8cf2dfa4b44d38",
        "type": "github"
      },
      "original": {
        "owner": "nix-community",
        "repo": "nur",
        "type": "github"
      }
    },
    "root": {
      "inputs": {
        "hardware": "hardware",
        "home-manager": "home-manager",
        "nix-colors": "nix-colors",
        "nixpkgs": "nixpkgs",
        "nur": "nur",
        "utils": "utils"
      }
    },
    "utils": {
      "locked": {
        "lastModified": 1637014545,
        "narHash": "sha256-26IZAc5yzlD9FlDT54io1oqG/bBoyka+FJk5guaX4x4=",
        "owner": "numtide",
        "repo": "flake-utils",
        "rev": "bba5dcc8e0b20ab664967ad83d24d64cb64ec4f4",
        "type": "github"
      },
      "original": {
        "owner": "numtide",
        "repo": "flake-utils",
        "type": "github"
      }
    }
  },
  "root": "root",
  "version": 7
}
